// !$*UTF8*$!
{
	archiveVersion = 1;
	classes = {
	};
	objectVersion = 50;
	objects = {

/* Begin PBXBuildFile section */
		BC0726D722D6D1CA005A49B3 /* LeagueVC.swift in Sources */ = {isa = PBXBuildFile; fileRef = BC0726D622D6D1CA005A49B3 /* LeagueVC.swift */; };
		BC0726D922D6D1DD005A49B3 /* SkillVC.swift in Sources */ = {isa = PBXBuildFile; fileRef = BC0726D822D6D1DD005A49B3 /* SkillVC.swift */; };
		BC0726DB22D6D8E3005A49B3 /* Player.swift in Sources */ = {isa = PBXBuildFile; fileRef = BC0726DA22D6D8E3005A49B3 /* Player.swift */; };
		BC55B86F22D54460009649AF /* AppDelegate.swift in Sources */ = {isa = PBXBuildFile; fileRef = BC55B86E22D54460009649AF /* AppDelegate.swift */; };
		BC55B87122D54460009649AF /* WelcomeVC.swift in Sources */ = {isa = PBXBuildFile; fileRef = BC55B87022D54460009649AF /* WelcomeVC.swift */; };
		BC55B87422D54460009649AF /* Main.storyboard in Resources */ = {isa = PBXBuildFile; fileRef = BC55B87222D54460009649AF /* Main.storyboard */; };
		BC55B87622D54462009649AF /* Assets.xcassets in Resources */ = {isa = PBXBuildFile; fileRef = BC55B87522D54462009649AF /* Assets.xcassets */; };
		BC55B87922D54462009649AF /* LaunchScreen.storyboard in Resources */ = {isa = PBXBuildFile; fileRef = BC55B87722D54462009649AF /* LaunchScreen.storyboard */; };
		BC55B88222D54950009649AF /* BorderButton.swift in Sources */ = {isa = PBXBuildFile; fileRef = BC55B88122D54950009649AF /* BorderButton.swift */; };
/* End PBXBuildFile section */

/* Begin PBXFileReference section */
		BC0726D622D6D1CA005A49B3 /* LeagueVC.swift */ = {isa = PBXFileReference; lastKnownFileType = sourcecode.swift; path = LeagueVC.swift; sourceTree = "<group>"; };
		BC0726D822D6D1DD005A49B3 /* SkillVC.swift */ = {isa = PBXFileReference; lastKnownFileType = sourcecode.swift; path = SkillVC.swift; sourceTree = "<group>"; };
		BC0726DA22D6D8E3005A49B3 /* Player.swift */ = {isa = PBXFileReference; lastKnownFileType = sourcecode.swift; path = Player.swift; sourceTree = "<group>"; };
		BC55B86B22D54460009649AF /* app-swoosh.app */ = {isa = PBXFileReference; explicitFileType = wrapper.application; includeInIndex = 0; path = "app-swoosh.app"; sourceTree = BUILT_PRODUCTS_DIR; };
		BC55B86E22D54460009649AF /* AppDelegate.swift */ = {isa = PBXFileReference; lastKnownFileType = sourcecode.swift; path = AppDelegate.swift; sourceTree = "<group>"; };
		BC55B87022D54460009649AF /* WelcomeVC.swift */ = {isa = PBXFileReference; lastKnownFileType = sourcecode.swift; path = WelcomeVC.swift; sourceTree = "<group>"; };
		BC55B87322D54460009649AF /* Base */ = {isa = PBXFileReference; lastKnownFileType = file.storyboard; name = Base; path = Base.lproj/Main.storyboard; sourceTree = "<group>"; };
		BC55B87522D54462009649AF /* Assets.xcassets */ = {isa = PBXFileReference; lastKnownFileType = folder.assetcatalog; path = Assets.xcassets; sourceTree = "<group>"; };
		BC55B87822D54462009649AF /* Base */ = {isa = PBXFileReference; lastKnownFileType = file.storyboard; name = Base; path = Base.lproj/LaunchScreen.storyboard; sourceTree = "<group>"; };
		BC55B87A22D54462009649AF /* Info.plist */ = {isa = PBXFileReference; lastKnownFileType = text.plist.xml; path = Info.plist; sourceTree = "<group>"; };
		BC55B88122D54950009649AF /* BorderButton.swift */ = {isa = PBXFileReference; lastKnownFileType = sourcecode.swift; path = BorderButton.swift; sourceTree = "<group>"; };
/* End PBXFileReference section */

/* Begin PBXFrameworksBuildPhase section */
		BC55B86822D54460009649AF /* Frameworks */ = {
			isa = PBXFrameworksBuildPhase;
			buildActionMask = 2147483647;
			files = (
			);
			runOnlyForDeploymentPostprocessing = 0;
		};
/* End PBXFrameworksBuildPhase section */

/* Begin PBXGroup section */
		BC0726D422D6D114005A49B3 /* Controller */ = {
			isa = PBXGroup;
			children = (
				BC55B87022D54460009649AF /* WelcomeVC.swift */,
				BC0726D622D6D1CA005A49B3 /* LeagueVC.swift */,
				BC0726D822D6D1DD005A49B3 /* SkillVC.swift */,
			);
			path = Controller;
			sourceTree = "<group>";
		};
		BC0726D522D6D122005A49B3 /* Model */ = {
			isa = PBXGroup;
			children = (
				BC0726DA22D6D8E3005A49B3 /* Player.swift */,
			);
			path = Model;
			sourceTree = "<group>";
		};
		BC55B86222D54460009649AF = {
			isa = PBXGroup;
			children = (
				BC55B86D22D54460009649AF /* app-swoosh */,
				BC55B86C22D54460009649AF /* Products */,
			);
			sourceTree = "<group>";
		};
		BC55B86C22D54460009649AF /* Products */ = {
			isa = PBXGroup;
			children = (
				BC55B86B22D54460009649AF /* app-swoosh.app */,
			);
			name = Products;
			sourceTree = "<group>";
		};
		BC55B86D22D54460009649AF /* app-swoosh */ = {
			isa = PBXGroup;
			children = (
				BC0726D522D6D122005A49B3 /* Model */,
				BC0726D422D6D114005A49B3 /* Controller */,
				BC55B88022D548F0009649AF /* Views */,
				BC55B86E22D54460009649AF /* AppDelegate.swift */,
				BC55B87222D54460009649AF /* Main.storyboard */,
				BC55B87522D54462009649AF /* Assets.xcassets */,
				BC55B87722D54462009649AF /* LaunchScreen.storyboard */,
				BC55B87A22D54462009649AF /* Info.plist */,
			);
			path = "app-swoosh";
			sourceTree = "<group>";
		};
		BC55B88022D548F0009649AF /* Views */ = {
			isa = PBXGroup;
			children = (
				BC55B88122D54950009649AF /* BorderButton.swift */,
			);
			path = Views;
			sourceTree = "<group>";
		};
/* End PBXGroup section */

/* Begin PBXNativeTarget section */
		BC55B86A22D54460009649AF /* app-swoosh */ = {
			isa = PBXNativeTarget;
			buildConfigurationList = BC55B87D22D54462009649AF /* Build configuration list for PBXNativeTarget "app-swoosh" */;
			buildPhases = (
				BC55B86722D54460009649AF /* Sources */,
				BC55B86822D54460009649AF /* Frameworks */,
				BC55B86922D54460009649AF /* Resources */,
			);
			buildRules = (
			);
			dependencies = (
			);
			name = "app-swoosh";
			productName = "app-swoosh";
			productReference = BC55B86B22D54460009649AF /* app-swoosh.app */;
			productType = "com.apple.product-type.application";
		};
/* End PBXNativeTarget section */

/* Begin PBXProject section */
		BC55B86322D54460009649AF /* Project object */ = {
			isa = PBXProject;
			attributes = {
				LastSwiftUpdateCheck = 1020;
				LastUpgradeCheck = 1020;
				ORGANIZATIONNAME = "Rithvik Bobbili";
				TargetAttributes = {
					BC55B86A22D54460009649AF = {
						CreatedOnToolsVersion = 10.2.1;
					};
				};
			};
			buildConfigurationList = BC55B86622D54460009649AF /* Build configuration list for PBXProject "app-swoosh" */;
			compatibilityVersion = "Xcode 9.3";
			developmentRegion = en;
			hasScannedForEncodings = 0;
			knownRegions = (
				en,
				Base,
			);
			mainGroup = BC55B86222D54460009649AF;
			productRefGroup = BC55B86C22D54460009649AF /* Products */;
			projectDirPath = "";
			projectRoot = "";
			targets = (
				BC55B86A22D54460009649AF /* app-swoosh */,
			);
		};
/* End PBXProject section */

/* Begin PBXResourcesBuildPhase section */
		BC55B86922D54460009649AF /* Resources */ = {
			isa = PBXResourcesBuildPhase;
			buildActionMask = 2147483647;
			files = (
				BC55B87922D54462009649AF /* LaunchScreen.storyboard in Resources */,
				BC55B87622D54462009649AF /* Assets.xcassets in Resources */,
				BC55B87422D54460009649AF /* Main.storyboard in Resources */,
			);
			runOnlyForDeploymentPostprocessing = 0;
		};
/* End PBXResourcesBuildPhase section */

/* Begin PBXSourcesBuildPhase section */
		BC55B86722D54460009649AF /* Sources */ = {
			isa = PBXSourcesBuildPhase;
			buildActionMask = 2147483647;
			files = (
				BC55B87122D54460009649AF /* WelcomeVC.swift in Sources */,
				BC0726D722D6D1CA005A49B3 /* LeagueVC.swift in Sources */,
				BC55B86F22D54460009649AF /* AppDelegate.swift in Sources */,
				BC0726D922D6D1DD005A49B3 /* SkillVC.swift in Sources */,
				BC0726DB22D6D8E3005A49B3 /* Player.swift in Sources */,
				BC55B88222D54950009649AF /* BorderButton.swift in Sources */,
			);
			runOnlyForDeploymentPostprocessing = 0;
		};
/* End PBXSourcesBuildPhase section */

/* Begin PBXVariantGroup section */
		BC55B87222D54460009649AF /* Main.storyboard */ = {
			isa = PBXVariantGroup;
			children = (
				BC55B87322D54460009649AF /* Base */,
			);
			name = Main.storyboard;
			sourceTree = "<group>";
		};
		BC55B87722D54462009649AF /* LaunchScreen.storyboard */ = {
			isa = PBXVariantGroup;
			children = (
				BC55B87822D54462009649AF /* Base */,
			);
			name = LaunchScreen.storyboard;
			sourceTree = "<group>";
		};
/* End PBXVariantGroup section */

/* Begin XCBuildConfiguration section */
		BC55B87B22D54462009649AF /* Debug */ = {
			isa = XCBuildConfiguration;
			buildSettings = {
				ALWAYS_SEARCH_USER_PATHS = NO;
				CLANG_ANALYZER_NONNULL = YES;
				CLANG_ANALYZER_NUMBER_OBJECT_CONVERSION = YES_AGGRESSIVE;
				CLANG_CXX_LANGUAGE_STANDARD = "gnu++14";
				CLANG_CXX_LIBRARY = "libc++";
				CLANG_ENABLE_MODULES = YES;
				CLANG_ENABLE_OBJC_ARC = YES;
				CLANG_ENABLE_OBJC_WEAK = YES;
				CLANG_WARN_BLOCK_CAPTURE_AUTORELEASING = YES;
				CLANG_WARN_BOOL_CONVERSION = YES;
				CLANG_WARN_COMMA = YES;
				CLANG_WARN_CONSTANT_CONVERSION = YES;
				CLANG_WARN_DEPRECATED_OBJC_IMPLEMENTATIONS = YES;
				CLANG_WARN_DIRECT_OBJC_ISA_USAGE = YES_ERROR;
				CLANG_WARN_DOCUMENTATION_COMMENTS = YES;
				CLANG_WARN_EMPTY_BODY = YES;
				CLANG_WARN_ENUM_CONVERSION = YES;
				CLANG_WARN_INFINITE_RECURSION = YES;
				CLANG_WARN_INT_CONVERSION = YES;
				CLANG_WARN_NON_LITERAL_NULL_CONVERSION = YES;
				CLANG_WARN_OBJC_IMPLICIT_RETAIN_SELF = YES;
				CLANG_WARN_OBJC_LITERAL_CONVERSION = YES;
				CLANG_WARN_OBJC_ROOT_CLASS = YES_ERROR;
				CLANG_WARN_RANGE_LOOP_ANALYSIS = YES;
				CLANG_WARN_STRICT_PROTOTYPES = YES;
				CLANG_WARN_SUSPICIOUS_MOVE = YES;
				CLANG_WARN_UNGUARDED_AVAILABILITY = YES_AGGRESSIVE;
				CLANG_WARN_UNREACHABLE_CODE = YES;
				CLANG_WARN__DUPLICATE_METHOD_MATCH = YES;
				CODE_SIGN_IDENTITY = "iPhone Developer";
				COPY_PHASE_STRIP = NO;
				DEBUG_INFORMATION_FORMAT = dwarf;
				ENABLE_STRICT_OBJC_MSGSEND = YES;
				ENABLE_TESTABILITY = YES;
				GCC_C_LANGUAGE_STANDARD = gnu11;
				GCC_DYNAMIC_NO_PIC = NO;
				GCC_NO_COMMON_BLOCKS = YES;
				GCC_OPTIMIZATION_LEVEL = 0;
				GCC_PREPROCESSOR_DEFINITIONS = (
					"DEBUG=1",
					"$(inherited)",
				);
				GCC_WARN_64_TO_32_BIT_CONVERSION = YES;
				GCC_WARN_ABOUT_RETURN_TYPE = YES_ERROR;
				GCC_WARN_UNDECLARED_SELECTOR = YES;
				GCC_WARN_UNINITIALIZED_AUTOS = YES_AGGRESSIVE;
				GCC_WARN_UNUSED_FUNCTION = YES;
				GCC_WARN_UNUSED_VARIABLE = YES;
				IPHONEOS_DEPLOYMENT_TARGET = 12.2;
				MTL_ENABLE_DEBUG_INFO = INCLUDE_SOURCE;
				MTL_FAST_MATH = YES;
				ONLY_ACTIVE_ARCH = YES;
				SDKROOT = iphoneos;
				SWIFT_ACTIVE_COMPILATION_CONDITIONS = DEBUG;
				SWIFT_OPTIMIZATION_LEVEL = "-Onone";
			};
			name = Debug;
		};
		BC55B87C22D54462009649AF /* Release */ = {
			isa = XCBuildConfiguration;
			buildSettings = {
				ALWAYS_SEARCH_USER_PATHS = NO;
				CLANG_ANALYZER_NONNULL = YES;
				CLANG_ANALYZER_NUMBER_OBJECT_CONVERSION = YES_AGGRESSIVE;
				CLANG_CXX_LANGUAGE_STANDARD = "gnu++14";
				CLANG_CXX_LIBRARY = "libc++";
				CLANG_ENABLE_MODULES = YES;
				CLANG_ENABLE_OBJC_ARC = YES;
				CLANG_ENABLE_OBJC_WEAK = YES;
				CLANG_WARN_BLOCK_CAPTURE_AUTORELEASING = YES;
				CLANG_WARN_BOOL_CONVERSION = YES;
				CLANG_WARN_COMMA = YES;
				CLANG_WARN_CONSTANT_CONVERSION = YES;
				CLANG_WARN_DEPRECATED_OBJC_IMPLEMENTATIONS = YES;
				CLANG_WARN_DIRECT_OBJC_ISA_USAGE = YES_ERROR;
				CLANG_WARN_DOCUMENTATION_COMMENTS = YES;
				CLANG_WARN_EMPTY_BODY = YES;
				CLANG_WARN_ENUM_CONVERSION = YES;
				CLANG_WARN_INFINITE_RECURSION = YES;
				CLANG_WARN_INT_CONVERSION = YES;
				CLANG_WARN_NON_LITERAL_NULL_CONVERSION = YES;
				CLANG_WARN_OBJC_IMPLICIT_RETAIN_SELF = YES;
				CLANG_WARN_OBJC_LITERAL_CONVERSION = YES;
				CLANG_WARN_OBJC_ROOT_CLASS = YES_ERROR;
				CLANG_WARN_RANGE_LOOP_ANALYSIS = YES;
				CLANG_WARN_STRICT_PROTOTYPES = YES;
				CLANG_WARN_SUSPICIOUS_MOVE = YES;
				CLANG_WARN_UNGUARDED_AVAILABILITY = YES_AGGRESSIVE;
				CLANG_WARN_UNREACHABLE_CODE = YES;
				CLANG_WARN__DUPLICATE_METHOD_MATCH = YES;
				CODE_SIGN_IDENTITY = "iPhone Developer";
				COPY_PHASE_STRIP = NO;
				DEBUG_INFORMATION_FORMAT = "dwarf-with-dsym";
				ENABLE_NS_ASSERTIONS = NO;
				ENABLE_STRICT_OBJC_MSGSEND = YES;
				GCC_C_LANGUAGE_STANDARD = gnu11;
				GCC_NO_COMMON_BLOCKS = YES;
				GCC_WARN_64_TO_32_BIT_CONVERSION = YES;
				GCC_WARN_ABOUT_RETURN_TYPE = YES_ERROR;
				GCC_WARN_UNDECLARED_SELECTOR = YES;
				GCC_WARN_UNINITIALIZED_AUTOS = YES_AGGRESSIVE;
				GCC_WARN_UNUSED_FUNCTION = YES;
				GCC_WARN_UNUSED_VARIABLE = YES;
				IPHONEOS_DEPLOYMENT_TARGET = 12.2;
				MTL_ENABLE_DEBUG_INFO = NO;
				MTL_FAST_MATH = YES;
				SDKROOT = iphoneos;
				SWIFT_COMPILATION_MODE = wholemodule;
				SWIFT_OPTIMIZATION_LEVEL = "-O";
				VALIDATE_PRODUCT = YES;
			};
			name = Release;
		};
		BC55B87E22D54462009649AF /* Debug */ = {
			isa = XCBuildConfiguration;
			buildSettings = {
				ASSETCATALOG_COMPILER_APPICON_NAME = AppIcon;
				CODE_SIGN_STYLE = Automatic;
				INFOPLIST_FILE = "app-swoosh/Info.plist";
				LD_RUNPATH_SEARCH_PATHS = (
					"$(inherited)",
					"@executable_path/Frameworks",
				);
				PRODUCT_BUNDLE_IDENTIFIER = "com.rithvikb.app-swoosh";
				PRODUCT_NAME = "$(TARGET_NAME)";
				SWIFT_VERSION = 5.0;
				TARGETED_DEVICE_FAMILY = "1,2";
			};
			name = Debug;
		};
		BC55B87F22D54462009649AF /* Release */ = {
			isa = XCBuildConfiguration;
			buildSettings = {
				ASSETCATALOG_COMPILER_APPICON_NAME = AppIcon;
				CODE_SIGN_STYLE = Automatic;
				INFOPLIST_FILE = "app-swoosh/Info.plist";
				LD_RUNPATH_SEARCH_PATHS = (
					"$(inherited)",
					"@executable_path/Frameworks",
				);
				PRODUCT_BUNDLE_IDENTIFIER = "com.rithvikb.app-swoosh";
				PRODUCT_NAME = "$(TARGET_NAME)";
				SWIFT_VERSION = 5.0;
				TARGETED_DEVICE_FAMILY = "1,2";
			};
			name = Release;
		};
/* End XCBuildConfiguration section */

/* Begin XCConfigurationList section */
		BC55B86622D54460009649AF /* Build configuration list for PBXProject "app-swoosh" */ = {
			isa = XCConfigurationList;
			buildConfigurations = (
				BC55B87B22D54462009649AF /* Debug */,
				BC55B87C22D54462009649AF /* Release */,
			);
			defaultConfigurationIsVisible = 0;
			defaultConfigurationName = Release;
		};
		BC55B87D22D54462009649AF /* Build configuration list for PBXNativeTarget "app-swoosh" */ = {
			isa = XCConfigurationList;
			buildConfigurations = (
				BC55B87E22D54462009649AF /* Debug */,
				BC55B87F22D54462009649AF /* Release */,
			);
			defaultConfigurationIsVisible = 0;
			defaultConfigurationName = Release;
		};
/* End XCConfigurationList section */
	};
	rootObject = BC55B86322D54460009649AF /* Project object */;
}
